
Microsoft Visual Studio Solution File, Format Version 12.00
# Visual Studio 2012
Project("{FAE04EC0-301F-11D3-BF4B-00C04F79EFBC}") = "stage_asp_web_app", "stage_asp_web_app\stage_asp_web_app.csproj", "{FECBD0DF-F9C6-436F-87AA-0C647F2DFD3F}"
EndProject
Global
	GlobalSection(SolutionConfigurationPlatforms) = preSolution
		Debug|Any CPU = Debug|Any CPU
		Release|Any CPU = Release|Any CPU
	EndGlobalSection
	GlobalSection(ProjectConfigurationPlatforms) = postSolution
		{FECBD0DF-F9C6-436F-87AA-0C647F2DFD3F}.Debug|Any CPU.ActiveCfg = Debug|Any CPU
		{FECBD0DF-F9C6-436F-87AA-0C647F2DFD3F}.Debug|Any CPU.Build.0 = Debug|Any CPU
		{FECBD0DF-F9C6-436F-87AA-0C647F2DFD3F}.Release|Any CPU.ActiveCfg = Release|Any CPU
		{FECBD0DF-F9C6-436F-87AA-0C647F2DFD3F}.Release|Any CPU.Build.0 = Release|Any CPU
	EndGlobalSection
	GlobalSection(SolutionProperties) = preSolution
		HideSolutionNode = FALSE
	EndGlobalSection
EndGlobal
